
Microsoft Visual Studio Solution File, Format Version 12.00
# Visual Studio Version 17
VisualStudioVersion = 17.8.34309.116
MinimumVisualStudioVersion = 10.0.40219.1
Project("{FAE04EC0-301F-11D3-BF4B-00C04F79EFBC}") = "MergeFilesTool", "MergeFilesTool.csproj", "{4F22F42B-9DA7-422A-8553-D2A3BAAE028A}"
EndProject
Global
	GlobalSection(SolutionConfigurationPlatforms) = preSolution
		Debug|Any CPU = Debug|Any CPU
		Release|Any CPU = Release|Any CPU
	EndGlobalSection
	GlobalSection(ProjectConfigurationPlatforms) = postSolution
		{4F22F42B-9DA7-422A-8553-D2A3BAAE028A}.Debug|Any CPU.ActiveCfg = Debug|Any CPU
		{4F22F42B-9DA7-422A-8553-D2A3BAAE028A}.Debug|Any CPU.Build.0 = Debug|Any CPU
		{4F22F42B-9DA7-422A-8553-D2A3BAAE028A}.Release|Any CPU.ActiveCfg = Release|Any CPU
		{4F22F42B-9DA7-422A-8553-D2A3BAAE028A}.Release|Any CPU.Build.0 = Release|Any CPU
	EndGlobalSection
	GlobalSection(SolutionProperties) = preSolution
		HideSolutionNode = FALSE
	EndGlobalSection
	GlobalSection(ExtensibilityGlobals) = postSolution
		SolutionGuid = {6944BEA8-3640-4583-AE3E-91C16CBB213D}
	EndGlobalSection
EndGlobal
